
Microsoft Visual Studio Solution File, Format Version 12.00
# Visual Studio Version 16
VisualStudioVersion = 16.0.31205.134
MinimumVisualStudioVersion = 10.0.40219.1
Project("{FAE04EC0-301F-11D3-BF4B-00C04F79EFBC}") = "Amoba", "Amoba\Amoba.csproj", "{8EFE102B-BF37-4D4D-BD58-602D05DD6538}"
EndProject
Global
	GlobalSection(SolutionConfigurationPlatforms) = preSolution
		Debug|Any CPU = Debug|Any CPU
		Release|Any CPU = Release|Any CPU
	EndGlobalSection
	GlobalSection(ProjectConfigurationPlatforms) = postSolution
		{8EFE102B-BF37-4D4D-BD58-602D05DD6538}.Debug|Any CPU.ActiveCfg = Debug|Any CPU
		{8EFE102B-BF37-4D4D-BD58-602D05DD6538}.Debug|Any CPU.Build.0 = Debug|Any CPU
		{8EFE102B-BF37-4D4D-BD58-602D05DD6538}.Release|Any CPU.ActiveCfg = Release|Any CPU
		{8EFE102B-BF37-4D4D-BD58-602D05DD6538}.Release|Any CPU.Build.0 = Release|Any CPU
	EndGlobalSection
	GlobalSection(SolutionProperties) = preSolution
		HideSolutionNode = FALSE
	EndGlobalSection
	GlobalSection(ExtensibilityGlobals) = postSolution
		SolutionGuid = {7E20164B-0294-4F22-89B4-3A5E69D33B98}
	EndGlobalSection
EndGlobal
